
Microsoft Visual Studio Solution File, Format Version 12.00
# Visual Studio Version 17
VisualStudioVersion = 17.5.33627.172
MinimumVisualStudioVersion = 10.0.40219.1
Project("{9A19103F-16F7-4668-BE54-9A1E7A4F7556}") = "JenkinsWebApplicationDemo", "JenkinsWebApplicationDemo\JenkinsWebApplicationDemo.csproj", "{80A41523-01A7-40AE-8031-A0496A8F56A8}"
EndProject
Project("{FAE04EC0-301F-11D3-BF4B-00C04F79EFBC}") = "TestProject1", "TestProject1\TestProject1.csproj", "{F04EC095-60DD-46E7-9915-DBBA450E6AF1}"
EndProject
Global
	GlobalSection(SolutionConfigurationPlatforms) = preSolution
		Debug|Any CPU = Debug|Any CPU
		Release|Any CPU = Release|Any CPU
	EndGlobalSection
	GlobalSection(ProjectConfigurationPlatforms) = postSolution
		{80A41523-01A7-40AE-8031-A0496A8F56A8}.Debug|Any CPU.ActiveCfg = Debug|Any CPU
		{80A41523-01A7-40AE-8031-A0496A8F56A8}.Debug|Any CPU.Build.0 = Debug|Any CPU
		{80A41523-01A7-40AE-8031-A0496A8F56A8}.Release|Any CPU.ActiveCfg = Release|Any CPU
		{80A41523-01A7-40AE-8031-A0496A8F56A8}.Release|Any CPU.Build.0 = Release|Any CPU
		{F04EC095-60DD-46E7-9915-DBBA450E6AF1}.Debug|Any CPU.ActiveCfg = Debug|Any CPU
		{F04EC095-60DD-46E7-9915-DBBA450E6AF1}.Debug|Any CPU.Build.0 = Debug|Any CPU
		{F04EC095-60DD-46E7-9915-DBBA450E6AF1}.Release|Any CPU.ActiveCfg = Release|Any CPU
		{F04EC095-60DD-46E7-9915-DBBA450E6AF1}.Release|Any CPU.Build.0 = Release|Any CPU
	EndGlobalSection
	GlobalSection(SolutionProperties) = preSolution
		HideSolutionNode = FALSE
	EndGlobalSection
	GlobalSection(ExtensibilityGlobals) = postSolution
		SolutionGuid = {0C38FDDF-81B8-47B8-A7F8-39B15776B9E9}
	EndGlobalSection
EndGlobal
